
Microsoft Visual Studio Solution File, Format Version 12.00
# Visual Studio Version 17
VisualStudioVersion = 17.11.35303.130
MinimumVisualStudioVersion = 10.0.40219.1
Project("{FAE04EC0-301F-11D3-BF4B-00C04F79EFBC}") = "Landing.PL", "Landing.PL\Landing.PL.csproj", "{69A93FA1-B06D-48F2-BB20-094DE7A7D26A}"
EndProject
Project("{FAE04EC0-301F-11D3-BF4B-00C04F79EFBC}") = "Landing.DAL", "Landing.DAL\Landing.DAL.csproj", "{67FFADB5-AB71-425F-BC74-1B243A09778B}"
EndProject
Project("{FAE04EC0-301F-11D3-BF4B-00C04F79EFBC}") = "Landing.BLL", "Landing.BLL\Landing.BLL.csproj", "{7DC0048A-31A7-486D-BA62-C7EE056C4967}"
EndProject
Global
	GlobalSection(SolutionConfigurationPlatforms) = preSolution
		Debug|Any CPU = Debug|Any CPU
		Release|Any CPU = Release|Any CPU
	EndGlobalSection
	GlobalSection(ProjectConfigurationPlatforms) = postSolution
		{69A93FA1-B06D-48F2-BB20-094DE7A7D26A}.Debug|Any CPU.ActiveCfg = Debug|Any CPU
		{69A93FA1-B06D-48F2-BB20-094DE7A7D26A}.Debug|Any CPU.Build.0 = Debug|Any CPU
		{69A93FA1-B06D-48F2-BB20-094DE7A7D26A}.Release|Any CPU.ActiveCfg = Release|Any CPU
		{69A93FA1-B06D-48F2-BB20-094DE7A7D26A}.Release|Any CPU.Build.0 = Release|Any CPU
		{67FFADB5-AB71-425F-BC74-1B243A09778B}.Debug|Any CPU.ActiveCfg = Debug|Any CPU
		{67FFADB5-AB71-425F-BC74-1B243A09778B}.Debug|Any CPU.Build.0 = Debug|Any CPU
		{67FFADB5-AB71-425F-BC74-1B243A09778B}.Release|Any CPU.ActiveCfg = Release|Any CPU
		{67FFADB5-AB71-425F-BC74-1B243A09778B}.Release|Any CPU.Build.0 = Release|Any CPU
		{7DC0048A-31A7-486D-BA62-C7EE056C4967}.Debug|Any CPU.ActiveCfg = Debug|Any CPU
		{7DC0048A-31A7-486D-BA62-C7EE056C4967}.Debug|Any CPU.Build.0 = Debug|Any CPU
		{7DC0048A-31A7-486D-BA62-C7EE056C4967}.Release|Any CPU.ActiveCfg = Release|Any CPU
		{7DC0048A-31A7-486D-BA62-C7EE056C4967}.Release|Any CPU.Build.0 = Release|Any CPU
	EndGlobalSection
	GlobalSection(SolutionProperties) = preSolution
		HideSolutionNode = FALSE
	EndGlobalSection
	GlobalSection(ExtensibilityGlobals) = postSolution
		SolutionGuid = {85235667-3652-4DB8-A35E-E2BF57C95899}
	EndGlobalSection
EndGlobal
