
Microsoft Visual Studio Solution File, Format Version 12.00
# Visual Studio Version 17
VisualStudioVersion = 17.11.35312.102
MinimumVisualStudioVersion = 10.0.40219.1
Project("{FAE04EC0-301F-11D3-BF4B-00C04F79EFBC}") = "Landing.PL", "Landing.PL\Landing.PL.csproj", "{931E2D32-F602-43D2-A0BE-B16328E5A0EB}"
EndProject
Project("{FAE04EC0-301F-11D3-BF4B-00C04F79EFBC}") = "Landing.BLL", "Landing.BLL\Landing.BLL.csproj", "{EC4FA05C-F8E4-4BE4-8603-5C0617FF4250}"
EndProject
Project("{FAE04EC0-301F-11D3-BF4B-00C04F79EFBC}") = "Landing.DAL", "Landing.DAL\Landing.DAL.csproj", "{81CFFEEC-C9A3-404A-AA8E-0B7DACCC2F88}"
EndProject
Global
	GlobalSection(SolutionConfigurationPlatforms) = preSolution
		Debug|Any CPU = Debug|Any CPU
		Release|Any CPU = Release|Any CPU
	EndGlobalSection
	GlobalSection(ProjectConfigurationPlatforms) = postSolution
		{931E2D32-F602-43D2-A0BE-B16328E5A0EB}.Debug|Any CPU.ActiveCfg = Debug|Any CPU
		{931E2D32-F602-43D2-A0BE-B16328E5A0EB}.Debug|Any CPU.Build.0 = Debug|Any CPU
		{931E2D32-F602-43D2-A0BE-B16328E5A0EB}.Release|Any CPU.ActiveCfg = Release|Any CPU
		{931E2D32-F602-43D2-A0BE-B16328E5A0EB}.Release|Any CPU.Build.0 = Release|Any CPU
		{EC4FA05C-F8E4-4BE4-8603-5C0617FF4250}.Debug|Any CPU.ActiveCfg = Debug|Any CPU
		{EC4FA05C-F8E4-4BE4-8603-5C0617FF4250}.Debug|Any CPU.Build.0 = Debug|Any CPU
		{EC4FA05C-F8E4-4BE4-8603-5C0617FF4250}.Release|Any CPU.ActiveCfg = Release|Any CPU
		{EC4FA05C-F8E4-4BE4-8603-5C0617FF4250}.Release|Any CPU.Build.0 = Release|Any CPU
		{81CFFEEC-C9A3-404A-AA8E-0B7DACCC2F88}.Debug|Any CPU.ActiveCfg = Debug|Any CPU
		{81CFFEEC-C9A3-404A-AA8E-0B7DACCC2F88}.Debug|Any CPU.Build.0 = Debug|Any CPU
		{81CFFEEC-C9A3-404A-AA8E-0B7DACCC2F88}.Release|Any CPU.ActiveCfg = Release|Any CPU
		{81CFFEEC-C9A3-404A-AA8E-0B7DACCC2F88}.Release|Any CPU.Build.0 = Release|Any CPU
	EndGlobalSection
	GlobalSection(SolutionProperties) = preSolution
		HideSolutionNode = FALSE
	EndGlobalSection
	GlobalSection(ExtensibilityGlobals) = postSolution
		SolutionGuid = {E4199C3B-FC5E-4E72-B1E0-53594E53F73E}
	EndGlobalSection
EndGlobal
